
Microsoft Visual Studio Solution File, Format Version 12.00
# Visual Studio Version 17
VisualStudioVersion = 17.4.33213.308
MinimumVisualStudioVersion = 10.0.40219.1
Project("{FAE04EC0-301F-11D3-BF4B-00C04F79EFBC}") = "ProjectUrlShort", "ProjectUrlShort.csproj", "{9B712688-6D14-4830-8317-5D5884DCBBB7}"
EndProject
Global
	GlobalSection(SolutionConfigurationPlatforms) = preSolution
		Debug|Any CPU = Debug|Any CPU
		Release|Any CPU = Release|Any CPU
	EndGlobalSection
	GlobalSection(ProjectConfigurationPlatforms) = postSolution
		{9B712688-6D14-4830-8317-5D5884DCBBB7}.Debug|Any CPU.ActiveCfg = Debug|Any CPU
		{9B712688-6D14-4830-8317-5D5884DCBBB7}.Debug|Any CPU.Build.0 = Debug|Any CPU
		{9B712688-6D14-4830-8317-5D5884DCBBB7}.Release|Any CPU.ActiveCfg = Release|Any CPU
		{9B712688-6D14-4830-8317-5D5884DCBBB7}.Release|Any CPU.Build.0 = Release|Any CPU
	EndGlobalSection
	GlobalSection(SolutionProperties) = preSolution
		HideSolutionNode = FALSE
	EndGlobalSection
	GlobalSection(ExtensibilityGlobals) = postSolution
		SolutionGuid = {FF5365D7-AA73-488B-9F81-C4FB2B15D878}
	EndGlobalSection
EndGlobal
